# This file was autogenerated by Stack.
# You should not edit this file by hand.
# For more information, please see the documentation at:
#   https://docs.haskellstack.org/en/stable/lock_files

packages: []
snapshots:
- completed:
    size: 617444
    url: https://raw.githubusercontent.com/commercialhaskell/stackage-snapshots/master/nightly/2022/7/27.yaml
    sha256: 8baf6fedad207b74d36debd4b575ce0584bd9c93cd058af7d25fada5b1b8bed5
  original: nightly-2022-07-27
